
Microsoft Visual Studio Solution File, Format Version 12.00
# Visual Studio Version 16
VisualStudioVersion = 16.0.30717.126
MinimumVisualStudioVersion = 10.0.40219.1
Project("{FAE04EC0-301F-11D3-BF4B-00C04F79EFBC}") = "BookWorm", "BookWorm\BookWorm.csproj", "{B7B0F53F-5C81-405A-BBD0-98DAFDE044DD}"
EndProject
Project("{FAE04EC0-301F-11D3-BF4B-00C04F79EFBC}") = "BookWormTests", "BookWormTests\BookWormTests.csproj", "{BD7625E1-2AA6-4554-86BD-7E4235BB6114}"
EndProject
Project("{7CF6DF6D-3B04-46F8-A40B-537D21BCA0B4}") = "Documentation", "Documentation\Documentation.shfbproj", "{4BAB2549-C7DF-4603-871A-A2DD5399F6CF}"
EndProject
Global
	GlobalSection(SolutionConfigurationPlatforms) = preSolution
		Debug|Any CPU = Debug|Any CPU
		Release|Any CPU = Release|Any CPU
		Yak|Any CPU = Yak|Any CPU
	EndGlobalSection
	GlobalSection(ProjectConfigurationPlatforms) = postSolution
		{B7B0F53F-5C81-405A-BBD0-98DAFDE044DD}.Debug|Any CPU.ActiveCfg = Debug|Any CPU
		{B7B0F53F-5C81-405A-BBD0-98DAFDE044DD}.Debug|Any CPU.Build.0 = Debug|Any CPU
		{B7B0F53F-5C81-405A-BBD0-98DAFDE044DD}.Release|Any CPU.ActiveCfg = Release|Any CPU
		{B7B0F53F-5C81-405A-BBD0-98DAFDE044DD}.Release|Any CPU.Build.0 = Release|Any CPU
		{B7B0F53F-5C81-405A-BBD0-98DAFDE044DD}.Yak|Any CPU.ActiveCfg = Yak|Any CPU
		{B7B0F53F-5C81-405A-BBD0-98DAFDE044DD}.Yak|Any CPU.Build.0 = Yak|Any CPU
		{BD7625E1-2AA6-4554-86BD-7E4235BB6114}.Debug|Any CPU.ActiveCfg = Debug|Any CPU
		{BD7625E1-2AA6-4554-86BD-7E4235BB6114}.Debug|Any CPU.Build.0 = Debug|Any CPU
		{BD7625E1-2AA6-4554-86BD-7E4235BB6114}.Release|Any CPU.ActiveCfg = Release|Any CPU
		{BD7625E1-2AA6-4554-86BD-7E4235BB6114}.Release|Any CPU.Build.0 = Release|Any CPU
		{BD7625E1-2AA6-4554-86BD-7E4235BB6114}.Yak|Any CPU.ActiveCfg = Debug|Any CPU
		{BD7625E1-2AA6-4554-86BD-7E4235BB6114}.Yak|Any CPU.Build.0 = Debug|Any CPU
		{4BAB2549-C7DF-4603-871A-A2DD5399F6CF}.Debug|Any CPU.ActiveCfg = Debug|Any CPU
		{4BAB2549-C7DF-4603-871A-A2DD5399F6CF}.Release|Any CPU.ActiveCfg = Release|Any CPU
		{4BAB2549-C7DF-4603-871A-A2DD5399F6CF}.Release|Any CPU.Build.0 = Release|Any CPU
		{4BAB2549-C7DF-4603-871A-A2DD5399F6CF}.Yak|Any CPU.ActiveCfg = Debug|Any CPU
		{4BAB2549-C7DF-4603-871A-A2DD5399F6CF}.Yak|Any CPU.Build.0 = Debug|Any CPU
	EndGlobalSection
	GlobalSection(SolutionProperties) = preSolution
		HideSolutionNode = FALSE
	EndGlobalSection
	GlobalSection(ExtensibilityGlobals) = postSolution
		SolutionGuid = {BE232F8D-1C65-4AF7-857D-CDAD3C4BCBCF}
	EndGlobalSection
EndGlobal
