
Microsoft Visual Studio Solution File, Format Version 12.00
# Visual Studio Version 16
VisualStudioVersion = 16.0.30717.126
MinimumVisualStudioVersion = 10.0.40219.1
Project("{FAE04EC0-301F-11D3-BF4B-00C04F79EFBC}") = "BookWorm", "GoogleDocs\BookWorm.csproj", "{B7B0F53F-5C81-405A-BBD0-98DAFDE044DD}"
EndProject
Global
	GlobalSection(SolutionConfigurationPlatforms) = preSolution
		Debug|Any CPU = Debug|Any CPU
		Release|Any CPU = Release|Any CPU
		Yak|Any CPU = Yak|Any CPU
	EndGlobalSection
	GlobalSection(ProjectConfigurationPlatforms) = postSolution
		{B7B0F53F-5C81-405A-BBD0-98DAFDE044DD}.Debug|Any CPU.ActiveCfg = Debug|Any CPU
		{B7B0F53F-5C81-405A-BBD0-98DAFDE044DD}.Debug|Any CPU.Build.0 = Debug|Any CPU
		{B7B0F53F-5C81-405A-BBD0-98DAFDE044DD}.Release|Any CPU.ActiveCfg = Release|Any CPU
		{B7B0F53F-5C81-405A-BBD0-98DAFDE044DD}.Release|Any CPU.Build.0 = Release|Any CPU
		{B7B0F53F-5C81-405A-BBD0-98DAFDE044DD}.Yak|Any CPU.ActiveCfg = Yak|Any CPU
		{B7B0F53F-5C81-405A-BBD0-98DAFDE044DD}.Yak|Any CPU.Build.0 = Yak|Any CPU
	EndGlobalSection
	GlobalSection(SolutionProperties) = preSolution
		HideSolutionNode = FALSE
	EndGlobalSection
	GlobalSection(ExtensibilityGlobals) = postSolution
		SolutionGuid = {7D3FA7F0-A117-49BA-8335-9CDBAF36DE60}
	EndGlobalSection
EndGlobal
